
Microsoft Visual Studio Solution File, Format Version 12.00
# Visual Studio 15
VisualStudioVersion = 15.0.27130.2010
MinimumVisualStudioVersion = 10.0.40219.1
Project("{FAE04EC0-301F-11D3-BF4B-00C04F79EFBC}") = "ProcessMonitoring", "ProcessMonitoring\ProcessMonitoring.csproj", "{38720600-6D54-4241-B5FE-8B716DFD009A}"
EndProject
Project("{FAE04EC0-301F-11D3-BF4B-00C04F79EFBC}") = "TablePlugin", "..\TablePlugin\TablePlugin\TablePlugin.csproj", "{0999C593-0063-441F-B841-79DF8CA66C6E}"
EndProject
Project("{FAE04EC0-301F-11D3-BF4B-00C04F79EFBC}") = "GraphPlugin", "..\GraphPlugin\GraphPlugin\GraphPlugin.csproj", "{BA1B3354-FC44-4112-98A1-CB9148E08C4E}"
EndProject
Project("{FAE04EC0-301F-11D3-BF4B-00C04F79EFBC}") = "MinimumSquareMethod", "MinimumSquareMethod\MinimumSquareMethod.csproj", "{F89D21A0-6177-40C9-9E61-B944C3BDE3D0}"
EndProject
Global
	GlobalSection(SolutionConfigurationPlatforms) = preSolution
		Debug|Any CPU = Debug|Any CPU
		Release|Any CPU = Release|Any CPU
	EndGlobalSection
	GlobalSection(ProjectConfigurationPlatforms) = postSolution
		{38720600-6D54-4241-B5FE-8B716DFD009A}.Debug|Any CPU.ActiveCfg = Debug|Any CPU
		{38720600-6D54-4241-B5FE-8B716DFD009A}.Debug|Any CPU.Build.0 = Debug|Any CPU
		{38720600-6D54-4241-B5FE-8B716DFD009A}.Release|Any CPU.ActiveCfg = Release|Any CPU
		{38720600-6D54-4241-B5FE-8B716DFD009A}.Release|Any CPU.Build.0 = Release|Any CPU
		{0999C593-0063-441F-B841-79DF8CA66C6E}.Debug|Any CPU.ActiveCfg = Debug|Any CPU
		{0999C593-0063-441F-B841-79DF8CA66C6E}.Debug|Any CPU.Build.0 = Debug|Any CPU
		{0999C593-0063-441F-B841-79DF8CA66C6E}.Release|Any CPU.ActiveCfg = Release|Any CPU
		{0999C593-0063-441F-B841-79DF8CA66C6E}.Release|Any CPU.Build.0 = Release|Any CPU
		{BA1B3354-FC44-4112-98A1-CB9148E08C4E}.Debug|Any CPU.ActiveCfg = Debug|Any CPU
		{BA1B3354-FC44-4112-98A1-CB9148E08C4E}.Debug|Any CPU.Build.0 = Debug|Any CPU
		{BA1B3354-FC44-4112-98A1-CB9148E08C4E}.Release|Any CPU.ActiveCfg = Release|Any CPU
		{BA1B3354-FC44-4112-98A1-CB9148E08C4E}.Release|Any CPU.Build.0 = Release|Any CPU
		{F89D21A0-6177-40C9-9E61-B944C3BDE3D0}.Debug|Any CPU.ActiveCfg = Debug|Any CPU
		{F89D21A0-6177-40C9-9E61-B944C3BDE3D0}.Debug|Any CPU.Build.0 = Debug|Any CPU
		{F89D21A0-6177-40C9-9E61-B944C3BDE3D0}.Release|Any CPU.ActiveCfg = Release|Any CPU
		{F89D21A0-6177-40C9-9E61-B944C3BDE3D0}.Release|Any CPU.Build.0 = Release|Any CPU
	EndGlobalSection
	GlobalSection(SolutionProperties) = preSolution
		HideSolutionNode = FALSE
	EndGlobalSection
	GlobalSection(ExtensibilityGlobals) = postSolution
		SolutionGuid = {9C4FB10A-5D1A-453D-8FAF-DB524BBB7F4B}
	EndGlobalSection
EndGlobal
